{
    "name": "geocaching-livepreview",
    "version": "1.0.0",
    "lockfileVersion": 3,
    "requires": true,
    "packages": {
        "": {
            "name": "geocaching-livepreview",
            "version": "1.0.0",
            "license": "ISC",
            "dependencies": {
                "@codemirror/lang-html": "^6.4.11",
                "@codemirror/theme-one-dark": "^6.1.3",
                "codemirror": "^6.0.2",
                "i18next": "^26.3.6",
                "i18next-fetch-backend": "^7.0.0",
                "normalize.css": "^8.0.1"
            },
            "devDependencies": {
                "@biomejs/biome": "2.5.3"
            }
        },
        "node_modules/@biomejs/biome": {
            "version": "2.5.3",
            "resolved": "https://registry.npmjs.org/@biomejs/biome/-/biome-2.5.3.tgz",
            "integrity": "sha512-MrJswFdei9EfDwwUy2tQrPDpK0AO+RmMFvBoaaJ6ayBc3sUbHdCE+XG5N8vp+5So41ZupZJQm0roHFFhMGVD7A==",
            "dev": true,
            "license": "MIT OR Apache-2.0",
            "bin": {
                "biome": "bin/biome"
            },
            "engines": {
                "node": ">=14.21.3"
            },
            "funding": {
                "type": "opencollective",
                "url": "https://opencollective.com/biome"
            },
            "optionalDependencies": {
                "@biomejs/cli-darwin-arm64": "2.5.3",
                "@biomejs/cli-darwin-x64": "2.5.3",
                "@biomejs/cli-linux-arm64": "2.5.3",
                "@biomejs/cli-linux-arm64-musl": "2.5.3",
                "@biomejs/cli-linux-x64": "2.5.3",
                "@biomejs/cli-linux-x64-musl": "2.5.3",
                "@biomejs/cli-win32-arm64": "2.5.3",
                "@biomejs/cli-win32-x64": "2.5.3"
            }
        },
        "node_modules/@biomejs/cli-darwin-arm64": {
            "version": "2.5.3",
            "resolved": "https://registry.npmjs.org/@biomejs/cli-darwin-arm64/-/cli-darwin-arm64-2.5.3.tgz",
            "integrity": "sha512-QhYP9muVQ0nUO5zztFuPbEwi4+94sJWVjaZds9aMi1l/KNZBiUjdiSUrGHsTaMGDXrYl+r4AS2sUKfgH3w+V3g==",
            "cpu": [
                "arm64"
            ],
            "dev": true,
            "license": "MIT OR Apache-2.0",
            "optional": true,
            "os": [
                "darwin"
            ],
            "engines": {
                "node": ">=14.21.3"
            }
        },
        "node_modules/@biomejs/cli-darwin-x64": {
            "version": "2.5.3",
            "resolved": "https://registry.npmjs.org/@biomejs/cli-darwin-x64/-/cli-darwin-x64-2.5.3.tgz",
            "integrity": "sha512-NC1Ss13UaW7QZX+y8j44bF7AP0jSJdBl6iRhe0MAkvaSqZy+mWg3GaXsrb+eSoHoGDBtaXWEbMVV0iVN2cZ7cQ==",
            "cpu": [
                "x64"
            ],
            "dev": true,
            "license": "MIT OR Apache-2.0",
            "optional": true,
            "os": [
                "darwin"
            ],
            "engines": {
                "node": ">=14.21.3"
            }
        },
        "node_modules/@biomejs/cli-linux-arm64": {
            "version": "2.5.3",
            "resolved": "https://registry.npmjs.org/@biomejs/cli-linux-arm64/-/cli-linux-arm64-2.5.3.tgz",
            "integrity": "sha512-ksx1KWeyYW18ILL04msF/J4ZBtBDN33znYK8Z/aNv/vlBVxL9/g3mGP+omgHJKy4+KWbK87vcmmpmurfNjSgiA==",
            "cpu": [
                "arm64"
            ],
            "dev": true,
            "license": "MIT OR Apache-2.0",
            "optional": true,
            "os": [
                "linux"
            ],
            "engines": {
                "node": ">=14.21.3"
            }
        },
        "node_modules/@biomejs/cli-linux-arm64-musl": {
            "version": "2.5.3",
            "resolved": "https://registry.npmjs.org/@biomejs/cli-linux-arm64-musl/-/cli-linux-arm64-musl-2.5.3.tgz",
            "integrity": "sha512-fccix0w6xp6csCXgxeC0dU/3ecgRQal0y+cv2SP9ajNlhe7Yrk2Ug7UDe2j9AT9ZDYitkXpvUKgZjjuoYeP4Vg==",
            "cpu": [
                "arm64"
            ],
            "dev": true,
            "license": "MIT OR Apache-2.0",
            "optional": true,
            "os": [
                "linux"
            ],
            "engines": {
                "node": ">=14.21.3"
            }
        },
        "node_modules/@biomejs/cli-linux-x64": {
            "version": "2.5.3",
            "resolved": "https://registry.npmjs.org/@biomejs/cli-linux-x64/-/cli-linux-x64-2.5.3.tgz",
            "integrity": "sha512-yMkJtilsgvILDcVkh187aVLTb64xYsrxYajx5kym+r1ULkO5HUOfu9AYKLGQbOVLwJtT2utNw7hhFNg+17mUYA==",
            "cpu": [
                "x64"
            ],
            "dev": true,
            "license": "MIT OR Apache-2.0",
            "optional": true,
            "os": [
                "linux"
            ],
            "engines": {
                "node": ">=14.21.3"
            }
        },
        "node_modules/@biomejs/cli-linux-x64-musl": {
            "version": "2.5.3",
            "resolved": "https://registry.npmjs.org/@biomejs/cli-linux-x64-musl/-/cli-linux-x64-musl-2.5.3.tgz",
            "integrity": "sha512-O/yU9YKRUiHhmcjF2f38PSjseVk3G4VLWYc0G2HWpzdBVREV6G8IGWIVEFf7MFPfWIzNUIvPsEjeAZQIOgnLcQ==",
            "cpu": [
                "x64"
            ],
            "dev": true,
            "license": "MIT OR Apache-2.0",
            "optional": true,
            "os": [
                "linux"
            ],
            "engines": {
                "node": ">=14.21.3"
            }
        },
        "node_modules/@biomejs/cli-win32-arm64": {
            "version": "2.5.3",
            "resolved": "https://registry.npmjs.org/@biomejs/cli-win32-arm64/-/cli-win32-arm64-2.5.3.tgz",
            "integrity": "sha512-cX5z+GYwRcqEok0AH3KSfQGgqYd0Nomfp6Fbe1uiTtELE38hdH2k842wQ9wLNaF/JJ7r4rjJQ4VR+ce+fRmQbw==",
            "cpu": [
                "arm64"
            ],
            "dev": true,
            "license": "MIT OR Apache-2.0",
            "optional": true,
            "os": [
                "win32"
            ],
            "engines": {
                "node": ">=14.21.3"
            }
        },
        "node_modules/@biomejs/cli-win32-x64": {
            "version": "2.5.3",
            "resolved": "https://registry.npmjs.org/@biomejs/cli-win32-x64/-/cli-win32-x64-2.5.3.tgz",
            "integrity": "sha512-ExSaJWi4/u6+GXCszlSKpWSjKNbDseAYqqkCznsCsZ/4uidZ/BEqsCc5/3ctlq6dfIubdIIRSVLC/PG9xPl70Q==",
            "cpu": [
                "x64"
            ],
            "dev": true,
            "license": "MIT OR Apache-2.0",
            "optional": true,
            "os": [
                "win32"
            ],
            "engines": {
                "node": ">=14.21.3"
            }
        },
        "node_modules/@codemirror/autocomplete": {
            "version": "6.18.0",
            "resolved": "https://registry.npmjs.org/@codemirror/autocomplete/-/autocomplete-6.18.0.tgz",
            "integrity": "sha512-5DbOvBbY4qW5l57cjDsmmpDh3/TeK1vXfTHa+BUMrRzdWdcxKZ4U4V7vQaTtOpApNU4kLS4FQ6cINtLg245LXA==",
            "license": "MIT",
            "dependencies": {
                "@codemirror/language": "^6.0.0",
                "@codemirror/state": "^6.0.0",
                "@codemirror/view": "^6.17.0",
                "@lezer/common": "^1.0.0"
            },
            "peerDependencies": {
                "@codemirror/language": "^6.0.0",
                "@codemirror/state": "^6.0.0",
                "@codemirror/view": "^6.0.0",
                "@lezer/common": "^1.0.0"
            }
        },
        "node_modules/@codemirror/commands": {
            "version": "6.6.1",
            "resolved": "https://registry.npmjs.org/@codemirror/commands/-/commands-6.6.1.tgz",
            "integrity": "sha512-iBfKbyIoXS1FGdsKcZmnrxmbc8VcbMrSgD7AVrsnX+WyAYjmUDWvE93dt5D874qS4CCVu4O1JpbagHdXbbLiOw==",
            "license": "MIT",
            "dependencies": {
                "@codemirror/language": "^6.0.0",
                "@codemirror/state": "^6.4.0",
                "@codemirror/view": "^6.27.0",
                "@lezer/common": "^1.1.0"
            }
        },
        "node_modules/@codemirror/lang-css": {
            "version": "6.2.1",
            "resolved": "https://registry.npmjs.org/@codemirror/lang-css/-/lang-css-6.2.1.tgz",
            "integrity": "sha512-/UNWDNV5Viwi/1lpr/dIXJNWiwDxpw13I4pTUAsNxZdg6E0mI2kTQb0P2iHczg1Tu+H4EBgJR+hYhKiHKko7qg==",
            "license": "MIT",
            "dependencies": {
                "@codemirror/autocomplete": "^6.0.0",
                "@codemirror/language": "^6.0.0",
                "@codemirror/state": "^6.0.0",
                "@lezer/common": "^1.0.2",
                "@lezer/css": "^1.0.0"
            }
        },
        "node_modules/@codemirror/lang-html": {
            "version": "6.4.11",
            "resolved": "https://registry.npmjs.org/@codemirror/lang-html/-/lang-html-6.4.11.tgz",
            "integrity": "sha512-9NsXp7Nwp891pQchI7gPdTwBuSuT3K65NGTHWHNJ55HjYcHLllr0rbIZNdOzas9ztc1EUVBlHou85FFZS4BNnw==",
            "license": "MIT",
            "dependencies": {
                "@codemirror/autocomplete": "^6.0.0",
                "@codemirror/lang-css": "^6.0.0",
                "@codemirror/lang-javascript": "^6.0.0",
                "@codemirror/language": "^6.4.0",
                "@codemirror/state": "^6.0.0",
                "@codemirror/view": "^6.17.0",
                "@lezer/common": "^1.0.0",
                "@lezer/css": "^1.1.0",
                "@lezer/html": "^1.3.12"
            }
        },
        "node_modules/@codemirror/lang-javascript": {
            "version": "6.2.2",
            "resolved": "https://registry.npmjs.org/@codemirror/lang-javascript/-/lang-javascript-6.2.2.tgz",
            "integrity": "sha512-VGQfY+FCc285AhWuwjYxQyUQcYurWlxdKYT4bqwr3Twnd5wP5WSeu52t4tvvuWmljT4EmgEgZCqSieokhtY8hg==",
            "license": "MIT",
            "dependencies": {
                "@codemirror/autocomplete": "^6.0.0",
                "@codemirror/language": "^6.6.0",
                "@codemirror/lint": "^6.0.0",
                "@codemirror/state": "^6.0.0",
                "@codemirror/view": "^6.17.0",
                "@lezer/common": "^1.0.0",
                "@lezer/javascript": "^1.0.0"
            }
        },
        "node_modules/@codemirror/language": {
            "version": "6.10.2",
            "resolved": "https://registry.npmjs.org/@codemirror/language/-/language-6.10.2.tgz",
            "integrity": "sha512-kgbTYTo0Au6dCSc/TFy7fK3fpJmgHDv1sG1KNQKJXVi+xBTEeBPY/M30YXiU6mMXeH+YIDLsbrT4ZwNRdtF+SA==",
            "license": "MIT",
            "dependencies": {
                "@codemirror/state": "^6.0.0",
                "@codemirror/view": "^6.23.0",
                "@lezer/common": "^1.1.0",
                "@lezer/highlight": "^1.0.0",
                "@lezer/lr": "^1.0.0",
                "style-mod": "^4.0.0"
            }
        },
        "node_modules/@codemirror/lint": {
            "version": "6.8.1",
            "resolved": "https://registry.npmjs.org/@codemirror/lint/-/lint-6.8.1.tgz",
            "integrity": "sha512-IZ0Y7S4/bpaunwggW2jYqwLuHj0QtESf5xcROewY6+lDNwZ/NzvR4t+vpYgg9m7V8UXLPYqG+lu3DF470E5Oxg==",
            "license": "MIT",
            "dependencies": {
                "@codemirror/state": "^6.0.0",
                "@codemirror/view": "^6.0.0",
                "crelt": "^1.0.5"
            }
        },
        "node_modules/@codemirror/search": {
            "version": "6.5.6",
            "resolved": "https://registry.npmjs.org/@codemirror/search/-/search-6.5.6.tgz",
            "integrity": "sha512-rpMgcsh7o0GuCDUXKPvww+muLA1pDJaFrpq/CCHtpQJYz8xopu4D1hPcKRoDD0YlF8gZaqTNIRa4VRBWyhyy7Q==",
            "license": "MIT",
            "dependencies": {
                "@codemirror/state": "^6.0.0",
                "@codemirror/view": "^6.0.0",
                "crelt": "^1.0.5"
            }
        },
        "node_modules/@codemirror/state": {
            "version": "6.4.1",
            "resolved": "https://registry.npmjs.org/@codemirror/state/-/state-6.4.1.tgz",
            "integrity": "sha512-QkEyUiLhsJoZkbumGZlswmAhA7CBU02Wrz7zvH4SrcifbsqwlXShVXg65f3v/ts57W3dqyamEriMhij1Z3Zz4A==",
            "license": "MIT"
        },
        "node_modules/@codemirror/theme-one-dark": {
            "version": "6.1.3",
            "resolved": "https://registry.npmjs.org/@codemirror/theme-one-dark/-/theme-one-dark-6.1.3.tgz",
            "integrity": "sha512-NzBdIvEJmx6fjeremiGp3t/okrLPYT0d9orIc7AFun8oZcRk58aejkqhv6spnz4MLAevrKNPMQYXEWMg4s+sKA==",
            "license": "MIT",
            "dependencies": {
                "@codemirror/language": "^6.0.0",
                "@codemirror/state": "^6.0.0",
                "@codemirror/view": "^6.0.0",
                "@lezer/highlight": "^1.0.0"
            }
        },
        "node_modules/@codemirror/view": {
            "version": "6.33.0",
            "resolved": "https://registry.npmjs.org/@codemirror/view/-/view-6.33.0.tgz",
            "integrity": "sha512-AroaR3BvnjRW8fiZBalAaK+ZzB5usGgI014YKElYZvQdNH5ZIidHlO+cyf/2rWzyBFRkvG6VhiXeAEbC53P2YQ==",
            "license": "MIT",
            "dependencies": {
                "@codemirror/state": "^6.4.0",
                "style-mod": "^4.1.0",
                "w3c-keyname": "^2.2.4"
            }
        },
        "node_modules/@lezer/common": {
            "version": "1.2.1",
            "resolved": "https://registry.npmjs.org/@lezer/common/-/common-1.2.1.tgz",
            "integrity": "sha512-yemX0ZD2xS/73llMZIK6KplkjIjf2EvAHcinDi/TfJ9hS25G0388+ClHt6/3but0oOxinTcQHJLDXh6w1crzFQ==",
            "license": "MIT"
        },
        "node_modules/@lezer/css": {
            "version": "1.1.8",
            "resolved": "https://registry.npmjs.org/@lezer/css/-/css-1.1.8.tgz",
            "integrity": "sha512-7JhxupKuMBaWQKjQoLtzhGj83DdnZY9MckEOG5+/iLKNK2ZJqKc6hf6uc0HjwCX7Qlok44jBNqZhHKDhEhZYLA==",
            "license": "MIT",
            "dependencies": {
                "@lezer/common": "^1.2.0",
                "@lezer/highlight": "^1.0.0",
                "@lezer/lr": "^1.0.0"
            }
        },
        "node_modules/@lezer/highlight": {
            "version": "1.2.1",
            "resolved": "https://registry.npmjs.org/@lezer/highlight/-/highlight-1.2.1.tgz",
            "integrity": "sha512-Z5duk4RN/3zuVO7Jq0pGLJ3qynpxUVsh7IbUbGj88+uV2ApSAn6kWg2au3iJb+0Zi7kKtqffIESgNcRXWZWmSA==",
            "license": "MIT",
            "dependencies": {
                "@lezer/common": "^1.0.0"
            }
        },
        "node_modules/@lezer/html": {
            "version": "1.3.13",
            "resolved": "https://registry.npmjs.org/@lezer/html/-/html-1.3.13.tgz",
            "integrity": "sha512-oI7n6NJml729m7pjm9lvLvmXbdoMoi2f+1pwSDJkl9d68zGr7a9Btz8NdHTGQZtW2DA25ybeuv/SyDb9D5tseg==",
            "license": "MIT",
            "dependencies": {
                "@lezer/common": "^1.2.0",
                "@lezer/highlight": "^1.0.0",
                "@lezer/lr": "^1.0.0"
            }
        },
        "node_modules/@lezer/javascript": {
            "version": "1.4.17",
            "resolved": "https://registry.npmjs.org/@lezer/javascript/-/javascript-1.4.17.tgz",
            "integrity": "sha512-bYW4ctpyGK+JMumDApeUzuIezX01H76R1foD6LcRX224FWfyYit/HYxiPGDjXXe/wQWASjCvVGoukTH68+0HIA==",
            "license": "MIT",
            "dependencies": {
                "@lezer/common": "^1.2.0",
                "@lezer/highlight": "^1.1.3",
                "@lezer/lr": "^1.3.0"
            }
        },
        "node_modules/@lezer/lr": {
            "version": "1.4.2",
            "resolved": "https://registry.npmjs.org/@lezer/lr/-/lr-1.4.2.tgz",
            "integrity": "sha512-pu0K1jCIdnQ12aWNaAVU5bzi7Bd1w54J3ECgANPmYLtQKP0HBj2cE/5coBD66MT10xbtIuUr7tg0Shbsvk0mDA==",
            "license": "MIT",
            "dependencies": {
                "@lezer/common": "^1.0.0"
            }
        },
        "node_modules/codemirror": {
            "version": "6.0.2",
            "resolved": "https://registry.npmjs.org/codemirror/-/codemirror-6.0.2.tgz",
            "integrity": "sha512-VhydHotNW5w1UGK0Qj96BwSk/Zqbp9WbnyK2W/eVMv4QyF41INRGpjUhFJY7/uDNuudSc33a/PKr4iDqRduvHw==",
            "license": "MIT",
            "dependencies": {
                "@codemirror/autocomplete": "^6.0.0",
                "@codemirror/commands": "^6.0.0",
                "@codemirror/language": "^6.0.0",
                "@codemirror/lint": "^6.0.0",
                "@codemirror/search": "^6.0.0",
                "@codemirror/state": "^6.0.0",
                "@codemirror/view": "^6.0.0"
            }
        },
        "node_modules/crelt": {
            "version": "1.0.6",
            "resolved": "https://registry.npmjs.org/crelt/-/crelt-1.0.6.tgz",
            "integrity": "sha512-VQ2MBenTq1fWZUH9DJNGti7kKv6EeAuYr3cLwxUWhIu1baTaXh4Ib5W2CqHVqib4/MqbYGJqiL3Zb8GJZr3l4g==",
            "license": "MIT"
        },
        "node_modules/i18next": {
            "version": "26.3.6",
            "resolved": "https://registry.npmjs.org/i18next/-/i18next-26.3.6.tgz",
            "integrity": "sha512-Bu5Z2nAXgfVyM8xvW3jk9EKRIuX37PudsrBViThNFx7CR7aaYTpP01cxNB/E4c4UUzTDiAZRstEhsRfPOL/8xA==",
            "funding": [
                {
                    "type": "individual",
                    "url": "https://www.locize.com/i18next"
                },
                {
                    "type": "individual",
                    "url": "https://www.i18next.com/how-to/faq#i18next-is-awesome.-how-can-i-support-the-project"
                },
                {
                    "type": "individual",
                    "url": "https://www.locize.com"
                }
            ],
            "license": "MIT",
            "peerDependencies": {
                "typescript": "^5 || ^6 || ^7"
            },
            "peerDependenciesMeta": {
                "typescript": {
                    "optional": true
                }
            }
        },
        "node_modules/i18next-fetch-backend": {
            "version": "7.0.0",
            "resolved": "https://registry.npmjs.org/i18next-fetch-backend/-/i18next-fetch-backend-7.0.0.tgz",
            "integrity": "sha512-BUS/xzHDXNwGKKBQTaNWxY3xvgC40jcYw+4nSpTlaxcGenAubgIgBFuq4CIeeYcs3UkAQs8mf5y6iLnHhd01vw==",
            "license": "MIT",
            "engines": {
                "node": ">=20"
            }
        },
        "node_modules/normalize.css": {
            "version": "8.0.1",
            "resolved": "https://registry.npmjs.org/normalize.css/-/normalize.css-8.0.1.tgz",
            "integrity": "sha512-qizSNPO93t1YUuUhP22btGOo3chcvDFqFaj2TRybP0DMxkHOCTYwp3n34fel4a31ORXy4m1Xq0Gyqpb5m33qIg==",
            "license": "MIT"
        },
        "node_modules/style-mod": {
            "version": "4.1.2",
            "resolved": "https://registry.npmjs.org/style-mod/-/style-mod-4.1.2.tgz",
            "integrity": "sha512-wnD1HyVqpJUI2+eKZ+eo1UwghftP6yuFheBqqe+bWCotBjC2K1YnteJILRMs3SM4V/0dLEW1SC27MWP5y+mwmw==",
            "license": "MIT"
        },
        "node_modules/w3c-keyname": {
            "version": "2.2.8",
            "resolved": "https://registry.npmjs.org/w3c-keyname/-/w3c-keyname-2.2.8.tgz",
            "integrity": "sha512-dpojBhNsCNN7T82Tm7k26A6G9ML3NkhDsnw9n/eoxSRlVBB4CEtIQ/KTCLI2Fwf3ataSXRhYFkQi3SlnFwPvPQ==",
            "license": "MIT"
        }
    }
}
